
Microsoft Visual Studio Solution File, Format Version 12.00
# Visual Studio Version 17
VisualStudioVersion = 17.4.33103.184
MinimumVisualStudioVersion = 10.0.40219.1
Project("{9A19103F-16F7-4668-BE54-9A1E7A4F7556}") = "DiscordClone.Api", "DiscordClone.Api\DiscordClone.Api.csproj", "{D785D1A1-0FDC-43FC-9487-97B7FFD826A5}"
EndProject
Project("{9A19103F-16F7-4668-BE54-9A1E7A4F7556}") = "DiscordClone.CoreLib", "DiscordClone.CoreLib\DiscordClone.CoreLib.csproj", "{7655FF4F-9665-456B-A8DF-69344166C573}"
EndProject
Project("{54A90642-561A-4BB1-A94E-469ADEE60C69}") = "discordclone.webapp", "DiscordClone.WebApp\discordclone.webapp.esproj", "{A2ACBDDA-2335-48B2-8694-19317F6418F3}"
EndProject
Global
	GlobalSection(SolutionConfigurationPlatforms) = preSolution
		Debug|Any CPU = Debug|Any CPU
		Debug|ARM = Debug|ARM
		Debug|ARM64 = Debug|ARM64
		Debug|x64 = Debug|x64
		Debug|x86 = Debug|x86
		Release|Any CPU = Release|Any CPU
		Release|ARM = Release|ARM
		Release|ARM64 = Release|ARM64
		Release|x64 = Release|x64
		Release|x86 = Release|x86
	EndGlobalSection
	GlobalSection(ProjectConfigurationPlatforms) = postSolution
		{D785D1A1-0FDC-43FC-9487-97B7FFD826A5}.Debug|Any CPU.ActiveCfg = Debug|Any CPU
		{D785D1A1-0FDC-43FC-9487-97B7FFD826A5}.Debug|Any CPU.Build.0 = Debug|Any CPU
		{D785D1A1-0FDC-43FC-9487-97B7FFD826A5}.Debug|ARM.ActiveCfg = Debug|Any CPU
		{D785D1A1-0FDC-43FC-9487-97B7FFD826A5}.Debug|ARM.Build.0 = Debug|Any CPU
		{D785D1A1-0FDC-43FC-9487-97B7FFD826A5}.Debug|ARM64.ActiveCfg = Debug|Any CPU
		{D785D1A1-0FDC-43FC-9487-97B7FFD826A5}.Debug|ARM64.Build.0 = Debug|Any CPU
		{D785D1A1-0FDC-43FC-9487-97B7FFD826A5}.Debug|x64.ActiveCfg = Debug|Any CPU
		{D785D1A1-0FDC-43FC-9487-97B7FFD826A5}.Debug|x64.Build.0 = Debug|Any CPU
		{D785D1A1-0FDC-43FC-9487-97B7FFD826A5}.Debug|x86.ActiveCfg = Debug|Any CPU
		{D785D1A1-0FDC-43FC-9487-97B7FFD826A5}.Debug|x86.Build.0 = Debug|Any CPU
		{D785D1A1-0FDC-43FC-9487-97B7FFD826A5}.Release|Any CPU.ActiveCfg = Release|Any CPU
		{D785D1A1-0FDC-43FC-9487-97B7FFD826A5}.Release|Any CPU.Build.0 = Release|Any CPU
		{D785D1A1-0FDC-43FC-9487-97B7FFD826A5}.Release|ARM.ActiveCfg = Release|Any CPU
		{D785D1A1-0FDC-43FC-9487-97B7FFD826A5}.Release|ARM.Build.0 = Release|Any CPU
		{D785D1A1-0FDC-43FC-9487-97B7FFD826A5}.Release|ARM64.ActiveCfg = Release|Any CPU
		{D785D1A1-0FDC-43FC-9487-97B7FFD826A5}.Release|ARM64.Build.0 = Release|Any CPU
		{D785D1A1-0FDC-43FC-9487-97B7FFD826A5}.Release|x64.ActiveCfg = Release|Any CPU
		{D785D1A1-0FDC-43FC-9487-97B7FFD826A5}.Release|x64.Build.0 = Release|Any CPU
		{D785D1A1-0FDC-43FC-9487-97B7FFD826A5}.Release|x86.ActiveCfg = Release|Any CPU
		{D785D1A1-0FDC-43FC-9487-97B7FFD826A5}.Release|x86.Build.0 = Release|Any CPU
		{7655FF4F-9665-456B-A8DF-69344166C573}.Debug|Any CPU.ActiveCfg = Debug|Any CPU
		{7655FF4F-9665-456B-A8DF-69344166C573}.Debug|Any CPU.Build.0 = Debug|Any CPU
		{7655FF4F-9665-456B-A8DF-69344166C573}.Debug|ARM.ActiveCfg = Debug|Any CPU
		{7655FF4F-9665-456B-A8DF-69344166C573}.Debug|ARM.Build.0 = Debug|Any CPU
		{7655FF4F-9665-456B-A8DF-69344166C573}.Debug|ARM64.ActiveCfg = Debug|Any CPU
		{7655FF4F-9665-456B-A8DF-69344166C573}.Debug|ARM64.Build.0 = Debug|Any CPU
		{7655FF4F-9665-456B-A8DF-69344166C573}.Debug|x64.ActiveCfg = Debug|Any CPU
		{7655FF4F-9665-456B-A8DF-69344166C573}.Debug|x64.Build.0 = Debug|Any CPU
		{7655FF4F-9665-456B-A8DF-69344166C573}.Debug|x86.ActiveCfg = Debug|Any CPU
		{7655FF4F-9665-456B-A8DF-69344166C573}.Debug|x86.Build.0 = Debug|Any CPU
		{7655FF4F-9665-456B-A8DF-69344166C573}.Release|Any CPU.ActiveCfg = Release|Any CPU
		{7655FF4F-9665-456B-A8DF-69344166C573}.Release|Any CPU.Build.0 = Release|Any CPU
		{7655FF4F-9665-456B-A8DF-69344166C573}.Release|ARM.ActiveCfg = Release|Any CPU
		{7655FF4F-9665-456B-A8DF-69344166C573}.Release|ARM.Build.0 = Release|Any CPU
		{7655FF4F-9665-456B-A8DF-69344166C573}.Release|ARM64.ActiveCfg = Release|Any CPU
		{7655FF4F-9665-456B-A8DF-69344166C573}.Release|ARM64.Build.0 = Release|Any CPU
		{7655FF4F-9665-456B-A8DF-69344166C573}.Release|x64.ActiveCfg = Release|Any CPU
		{7655FF4F-9665-456B-A8DF-69344166C573}.Release|x64.Build.0 = Release|Any CPU
		{7655FF4F-9665-456B-A8DF-69344166C573}.Release|x86.ActiveCfg = Release|Any CPU
		{7655FF4F-9665-456B-A8DF-69344166C573}.Release|x86.Build.0 = Release|Any CPU
		{A2ACBDDA-2335-48B2-8694-19317F6418F3}.Debug|Any CPU.ActiveCfg = Debug|Any CPU
		{A2ACBDDA-2335-48B2-8694-19317F6418F3}.Debug|Any CPU.Build.0 = Debug|Any CPU
		{A2ACBDDA-2335-48B2-8694-19317F6418F3}.Debug|Any CPU.Deploy.0 = Debug|Any CPU
		{A2ACBDDA-2335-48B2-8694-19317F6418F3}.Debug|ARM.ActiveCfg = Debug|Any CPU
		{A2ACBDDA-2335-48B2-8694-19317F6418F3}.Debug|ARM.Build.0 = Debug|Any CPU
		{A2ACBDDA-2335-48B2-8694-19317F6418F3}.Debug|ARM.Deploy.0 = Debug|Any CPU
		{A2ACBDDA-2335-48B2-8694-19317F6418F3}.Debug|ARM64.ActiveCfg = Debug|Any CPU
		{A2ACBDDA-2335-48B2-8694-19317F6418F3}.Debug|ARM64.Build.0 = Debug|Any CPU
		{A2ACBDDA-2335-48B2-8694-19317F6418F3}.Debug|ARM64.Deploy.0 = Debug|Any CPU
		{A2ACBDDA-2335-48B2-8694-19317F6418F3}.Debug|x64.ActiveCfg = Debug|Any CPU
		{A2ACBDDA-2335-48B2-8694-19317F6418F3}.Debug|x64.Build.0 = Debug|Any CPU
		{A2ACBDDA-2335-48B2-8694-19317F6418F3}.Debug|x64.Deploy.0 = Debug|Any CPU
		{A2ACBDDA-2335-48B2-8694-19317F6418F3}.Debug|x86.ActiveCfg = Debug|Any CPU
		{A2ACBDDA-2335-48B2-8694-19317F6418F3}.Debug|x86.Build.0 = Debug|Any CPU
		{A2ACBDDA-2335-48B2-8694-19317F6418F3}.Debug|x86.Deploy.0 = Debug|Any CPU
		{A2ACBDDA-2335-48B2-8694-19317F6418F3}.Release|Any CPU.ActiveCfg = Release|Any CPU
		{A2ACBDDA-2335-48B2-8694-19317F6418F3}.Release|Any CPU.Build.0 = Release|Any CPU
		{A2ACBDDA-2335-48B2-8694-19317F6418F3}.Release|Any CPU.Deploy.0 = Release|Any CPU
		{A2ACBDDA-2335-48B2-8694-19317F6418F3}.Release|ARM.ActiveCfg = Release|Any CPU
		{A2ACBDDA-2335-48B2-8694-19317F6418F3}.Release|ARM.Build.0 = Release|Any CPU
		{A2ACBDDA-2335-48B2-8694-19317F6418F3}.Release|ARM.Deploy.0 = Release|Any CPU
		{A2ACBDDA-2335-48B2-8694-19317F6418F3}.Release|ARM64.ActiveCfg = Release|Any CPU
		{A2ACBDDA-2335-48B2-8694-19317F6418F3}.Release|ARM64.Build.0 = Release|Any CPU
		{A2ACBDDA-2335-48B2-8694-19317F6418F3}.Release|ARM64.Deploy.0 = Release|Any CPU
		{A2ACBDDA-2335-48B2-8694-19317F6418F3}.Release|x64.ActiveCfg = Release|Any CPU
		{A2ACBDDA-2335-48B2-8694-19317F6418F3}.Release|x64.Build.0 = Release|Any CPU
		{A2ACBDDA-2335-48B2-8694-19317F6418F3}.Release|x64.Deploy.0 = Release|Any CPU
		{A2ACBDDA-2335-48B2-8694-19317F6418F3}.Release|x86.ActiveCfg = Release|Any CPU
		{A2ACBDDA-2335-48B2-8694-19317F6418F3}.Release|x86.Build.0 = Release|Any CPU
		{A2ACBDDA-2335-48B2-8694-19317F6418F3}.Release|x86.Deploy.0 = Release|Any CPU
	EndGlobalSection
	GlobalSection(SolutionProperties) = preSolution
		HideSolutionNode = FALSE
	EndGlobalSection
	GlobalSection(ExtensibilityGlobals) = postSolution
		SolutionGuid = {1BD43296-8507-41BC-ABF6-AC7E1F438803}
	EndGlobalSection
EndGlobal
